
Microsoft Visual Studio Solution File, Format Version 12.00
# Visual Studio 15
VisualStudioVersion = 15.0.28010.2019
MinimumVisualStudioVersion = 10.0.40219.1
Project("{FAE04EC0-301F-11D3-BF4B-00C04F79EFBC}") = "Farm2", "Farm2\Farm2.csproj", "{5BA20B3D-8AD6-4C21-93FA-F340DDE8FD47}"
EndProject
Project("{FAE04EC0-301F-11D3-BF4B-00C04F79EFBC}") = "Farm2.2", "Farm2.2\Farm2.2.csproj", "{9A22CA5B-0F28-4CF3-B050-B909057F19C7}"
EndProject
Project("{FAE04EC0-301F-11D3-BF4B-00C04F79EFBC}") = "Farm2.3", "Farm2.3\Farm2.3.csproj", "{89681E8F-B94E-405E-A186-A37E1471C9AF}"
EndProject
Project("{FAE04EC0-301F-11D3-BF4B-00C04F79EFBC}") = "Farm2.4", "Farm2.4\Farm2.4.csproj", "{30679A5F-B049-4604-B948-6C147A9A0B6B}"
EndProject
Global
	GlobalSection(SolutionConfigurationPlatforms) = preSolution
		Debug|Any CPU = Debug|Any CPU
		Release|Any CPU = Release|Any CPU
	EndGlobalSection
	GlobalSection(ProjectConfigurationPlatforms) = postSolution
		{5BA20B3D-8AD6-4C21-93FA-F340DDE8FD47}.Debug|Any CPU.ActiveCfg = Debug|Any CPU
		{5BA20B3D-8AD6-4C21-93FA-F340DDE8FD47}.Debug|Any CPU.Build.0 = Debug|Any CPU
		{5BA20B3D-8AD6-4C21-93FA-F340DDE8FD47}.Release|Any CPU.ActiveCfg = Release|Any CPU
		{5BA20B3D-8AD6-4C21-93FA-F340DDE8FD47}.Release|Any CPU.Build.0 = Release|Any CPU
		{9A22CA5B-0F28-4CF3-B050-B909057F19C7}.Debug|Any CPU.ActiveCfg = Debug|Any CPU
		{9A22CA5B-0F28-4CF3-B050-B909057F19C7}.Debug|Any CPU.Build.0 = Debug|Any CPU
		{9A22CA5B-0F28-4CF3-B050-B909057F19C7}.Release|Any CPU.ActiveCfg = Release|Any CPU
		{9A22CA5B-0F28-4CF3-B050-B909057F19C7}.Release|Any CPU.Build.0 = Release|Any CPU
		{89681E8F-B94E-405E-A186-A37E1471C9AF}.Debug|Any CPU.ActiveCfg = Debug|Any CPU
		{89681E8F-B94E-405E-A186-A37E1471C9AF}.Debug|Any CPU.Build.0 = Debug|Any CPU
		{89681E8F-B94E-405E-A186-A37E1471C9AF}.Release|Any CPU.ActiveCfg = Release|Any CPU
		{89681E8F-B94E-405E-A186-A37E1471C9AF}.Release|Any CPU.Build.0 = Release|Any CPU
		{30679A5F-B049-4604-B948-6C147A9A0B6B}.Debug|Any CPU.ActiveCfg = Debug|Any CPU
		{30679A5F-B049-4604-B948-6C147A9A0B6B}.Debug|Any CPU.Build.0 = Debug|Any CPU
		{30679A5F-B049-4604-B948-6C147A9A0B6B}.Release|Any CPU.ActiveCfg = Release|Any CPU
		{30679A5F-B049-4604-B948-6C147A9A0B6B}.Release|Any CPU.Build.0 = Release|Any CPU
	EndGlobalSection
	GlobalSection(SolutionProperties) = preSolution
		HideSolutionNode = FALSE
	EndGlobalSection
	GlobalSection(ExtensibilityGlobals) = postSolution
		SolutionGuid = {3E953FBF-40E9-4419-9417-06D76C33B15E}
	EndGlobalSection
EndGlobal
